
Microsoft Visual Studio Solution File, Format Version 11.00
# Visual Studio 2012
Project("{FAE04EC0-301F-11D3-BF4B-00C04F79EFBC}") = "DFWV", "DFWV\DFWV.csproj", "{DC1D3621-153E-4385-8DE1-3252995EBCCD}"
EndProject
Global
	GlobalSection(SolutionConfigurationPlatforms) = preSolution
		Debug|Any CPU = Debug|Any CPU
		Release|Any CPU = Release|Any CPU
	EndGlobalSection
	GlobalSection(ProjectConfigurationPlatforms) = postSolution
		{DC1D3621-153E-4385-8DE1-3252995EBCCD}.Debug|Any CPU.ActiveCfg = Debug|Any CPU
		{DC1D3621-153E-4385-8DE1-3252995EBCCD}.Debug|Any CPU.Build.0 = Debug|Any CPU
		{DC1D3621-153E-4385-8DE1-3252995EBCCD}.Release|Any CPU.ActiveCfg = Release|Any CPU
		{DC1D3621-153E-4385-8DE1-3252995EBCCD}.Release|Any CPU.Build.0 = Release|Any CPU
	EndGlobalSection
	GlobalSection(SolutionProperties) = preSolution
		HideSolutionNode = FALSE
	EndGlobalSection
EndGlobal
